(setq el-get-lock-package-versions
      '((scala-mode :checksum "9b8db623b13fcb0aad9271d1fae73e1257dda13c")
        (sbt-mode :checksum "6caabd4e68fb878e743a29d16356a2c2c3bd7637")
        (ansible-doc :checksum "bc8128a85a79b14f4a121105d87a5eddc33975ad")
        (vagrant-tramp :checksum "453ba605b28d2964bb4e10074f1e6891ebb4d2d6")
        (yaml-mode :checksum "b03fba2be23ef928cc6e8752c87bf5f0e3dd422a")
        (el-get-lock :checksum "df8cfe55441695865a64b97946750b6413a40425")
        (elisp-slime-nav :checksum "0e96d9f1f0d334f09414b509d44d5c000b51f432")
        (groovy-emacs-mode :checksum "9d42f284b3163215484e16bef1785456d2e7b68d")
        (sublimity :checksum "ee9c9fbb92b8fc0c191e5e8640477e251b602bf9")
        (js2-refactor :checksum "987ed3be5f78d412fb73906cc0d077ddfc15f02d")
        (enh-ruby-mode :checksum "73d949ab1de16a4d3f368cde94dd5403c0402ab4")
        (guide-key :checksum "9236d287a7272e307fb941237390a96037c8c0a2")
        (wgrep :checksum "7ef26c51feaef8a5ec0929737130ab8ba326983c")
        (ag :checksum "29d40fdaa4f605e9a6bf689050f0767f3ba22307")
        (s :checksum "2184337a132944f669144d0078d1fa1220012840")
        (migemo :checksum "c2240afa9afc0f003bb1d846710505e8e8e38169")
        (el-get :checksum "4a76c7e99edf7b3660fb8360261db1eba953958b")
        (google-this :checksum "22cff810e7ed3b3c9dae066588508864c25c6d99")
        (magit :checksum "1b7e0605e401df1be0215b8a5a16ac94e2aca9a7")
        (1040tt :checksum "194389d2630dc30b31de0ef8adde44cc3bdee455")
        (git-gutter-fringe+ :checksum "7a2f49d2455a3a872e90e5f7dd4e6b27f1d96cfc")
        (json-mode :checksum "250c622922d301bc1435ffe26e429fe2297f2681")
        (js2-mode :checksum "980eb3d92cf1b78596f58a5c5042ffc8fadb3bc4")
        (google-translate :checksum "50d3b9e00c3b7d2e66970b63cc7379b5fa4afb19")
        (helm-ls-git :checksum "841400ff302c5fdcba55fd6b2a18a01b420fcfd2")
        (json-reformat :checksum "24c2bf3c41897b5cf1398dcaedfec88526308bf4")
        (json-snatcher :checksum "c4cecc0a5051bd364373aa499c47a1bb7a5ac51c")
        (fringe-helper :checksum "ef4a9c023bae18ec1ddd7265f1f2d6d2e775efdd")
        (google :checksum "1ec11138bdd237e668ced1470c54f740e6c629a4")
        (epc :checksum "76fe6847a341f78c635164c18908a0b691f7212c")
        (ctable :checksum "cd673a09a80ce4e9e102ffe2e3d7e6bfb9d652b0")
        (deferred :checksum "8827106c83f0fc773bc406d381ea25a29a5965e1")
        (apel :checksum "74e1e49626a4bc7b1e9b87d844d3852e976d1df2")
        (auto-highlight-symbol :checksum "26573de912d760e04321b350897aea70958cee8b")
        (eldoc-extension :checksum "a74cfbe05115afb18b671588b7f63d37d6b2b895")
        (dired+ :checksum "89690ef8879849e3f185b91aa74c184ff2213740")
        (color-moccur :checksum "4f1c59ffd1ccc2ab1a171cd6b721e8cb9e002fb7")
        (helm-c-yasnippet :checksum "2833bff9427f6d06531cf798e9152141e6b2fc83")
        (helm-descbinds :checksum "b4ad76372a1b9f4415322d210b3888423247693d")
        (helm-swoop :checksum "6d3fdcfb6dea06242efc8ff4cafff9917e558bfc")
        (ac-helm :checksum "baf2b1e04bcffa835084389c0fab415f26efbf32")
        (helm :checksum "aa4167a271416b139f92a5fe2158764ac1a96814")
        (yasnippet :checksum "8ca8c7de4f0f898d4f29af800b83f5e8d79d9a66")
        (auto-complete :checksum "08af29236e686c876ac7a45670562f3487ff02e0")
        (popup :checksum "441ee40515038de3680768930157fce667ba872a")
        (fuzzy :checksum "534d723ad2e06322ff8d9bd0ba4863d243f698e7")
        (undo-tree :checksum "a3e81b682053a81e082139300ef0a913a7a610a2")
        (iedit :checksum "39919478f9472ce7a808ca601f4c19261ecc2f99")
        (anzu :checksum "324c3e2db48a3036cce95988e656a99154821c2d")
        (goto-last-change :checksum "ebb6695674be403d373fc19456dae60d6ba1de33")
        (git-gutter+ :checksum "b7726997806d9a2da9fe84ff00ecf21d62b6f975")
        (emacs-async :checksum "0e327f72bdffc5bc4a1fbc34a8da1b7066e819b3")
        (with-editor :checksum "d28d07497f67fea4c62fe7a2d3201fd86fb64fe2")
        (volatile-highlights :checksum "9a20091f0ce7fc0a6b3e641a6a46d5f3ac4d8392")
        (smartparens :checksum "f3c8b22c316afbc7b81cb8aaee4f2f6c664ca77a")
        (dash :checksum "502be58722262c5b9d779848a168b0dc67ee7471")
        (tab-group :checksum "5a290ec2608e4100fb188fd60ecb77affcc3465b")
        (tabbar :checksum "b6c285a7d59dcdb1f17716f0b60787922fa4be82")
        (expand-region :checksum "59f67115263676de5345581216640019975c4fda")
        (phi-search :checksum "40b86bfe9ae15377fbee842b1de3d93c2eb7dd69")
        (multiple-cursors :checksum "8413969a97343d1270a3c70252e4ca2eb4e79c36")
        (popwin :checksum "95dea14c60019d6cccf9a3b33e0dec4e1f22c304")
        (smartrep :checksum "f0ff5a6d7b8603603598ae3045c98b011e58d86e")
        (init-loader :checksum "287da99eadfa3dd85492506db43d68324069b593")
        (use-package :checksum "56687f58c499db608167065b8d94a371902f3ed4")))
(setq el-get-lock-locked-packages 'nil)
(setq el-get-lock-unlocked-packages 'nil)
